// !$*UTF8*$!
{
	archiveVersion = 1;
	classes = {
	};
	objectVersion = 46;
	objects = {

/* Begin PBXBuildFile section */
		E20CAD171DCACF1C00553EB6 /* Main.storyboard in Resources */ = {isa = PBXBuildFile; fileRef = E20CAD151DCACF1C00553EB6 /* Main.storyboard */; };
		E20CAD191DCACF1C00553EB6 /* Assets.xcassets in Resources */ = {isa = PBXBuildFile; fileRef = E20CAD181DCACF1C00553EB6 /* Assets.xcassets */; };
		E20CAD1C1DCACF1C00553EB6 /* LaunchScreen.storyboard in Resources */ = {isa = PBXBuildFile; fileRef = E20CAD1A1DCACF1C00553EB6 /* LaunchScreen.storyboard */; };
		E20CAD3D1DCACF9600553EB6 /* AppDelegate.swift in Sources */ = {isa = PBXBuildFile; fileRef = E2C131B21DC733C20074D5CE /* AppDelegate.swift */; };
		E20CAD441DCAD08F00553EB6 /* Model_IOMetalView.swift in Sources */ = {isa = PBXBuildFile; fileRef = E20CAD431DCAD08F00553EB6 /* Model_IOMetalView.swift */; };
		E20CAD461DCAD28100553EB6 /* DvrCamera.swift in Sources */ = {isa = PBXBuildFile; fileRef = E20CAD451DCAD28100553EB6 /* DvrCamera.swift */; };
		E20CAD481DCAE12700553EB6 /* DvrMesh.swift in Sources */ = {isa = PBXBuildFile; fileRef = E20CAD471DCAE12700553EB6 /* DvrMesh.swift */; };
		E20CAD4A1DCAE55800553EB6 /* MetallicTransform.swift in Sources */ = {isa = PBXBuildFile; fileRef = E20CAD491DCAE55800553EB6 /* MetallicTransform.swift */; };
		E20CAD4C1DCAE6D800553EB6 /* Math.swift in Sources */ = {isa = PBXBuildFile; fileRef = E20CAD4B1DCAE6D800553EB6 /* Math.swift */; };
		E2152CD91DC9BA2A00A6991E /* TexVertex.swift in Sources */ = {isa = PBXBuildFile; fileRef = E25175AB1DC87AD200BB7C10 /* TexVertex.swift */; };
		E2152CDC1DC9CE6A00A6991E /* MBEMathUtilities.m in Sources */ = {isa = PBXBuildFile; fileRef = E2152CDB1DC9CE6A00A6991E /* MBEMathUtilities.m */; };
		E25175651DC8439000BB7C10 /* Main.storyboard in Resources */ = {isa = PBXBuildFile; fileRef = E25175631DC8439000BB7C10 /* Main.storyboard */; };
		E25175671DC8439000BB7C10 /* Assets.xcassets in Resources */ = {isa = PBXBuildFile; fileRef = E25175661DC8439000BB7C10 /* Assets.xcassets */; };
		E251756A1DC8439000BB7C10 /* LaunchScreen.storyboard in Resources */ = {isa = PBXBuildFile; fileRef = E25175681DC8439000BB7C10 /* LaunchScreen.storyboard */; };
		E251758B1DC8445A00BB7C10 /* AppDelegate.swift in Sources */ = {isa = PBXBuildFile; fileRef = E2C131B21DC733C20074D5CE /* AppDelegate.swift */; };
		E251758F1DC8467A00BB7C10 /* RendererExtensions.swift in Sources */ = {isa = PBXBuildFile; fileRef = E251758E1DC8467A00BB7C10 /* RendererExtensions.swift */; };
		E25175911DC846D100BB7C10 /* EIView.swift in Sources */ = {isa = PBXBuildFile; fileRef = E25175901DC846D100BB7C10 /* EIView.swift */; };
		E25175921DC846D100BB7C10 /* EIView.swift in Sources */ = {isa = PBXBuildFile; fileRef = E25175901DC846D100BB7C10 /* EIView.swift */; };
		E25175931DC848D800BB7C10 /* RendererExtensions.swift in Sources */ = {isa = PBXBuildFile; fileRef = E251758E1DC8467A00BB7C10 /* RendererExtensions.swift */; };
		E25175941DC848E600BB7C10 /* Node.swift in Sources */ = {isa = PBXBuildFile; fileRef = E2C131E81DC73D7D0074D5CE /* Node.swift */; };
		E25175951DC848E600BB7C10 /* Triangle.swift in Sources */ = {isa = PBXBuildFile; fileRef = E2C131EA1DC748370074D5CE /* Triangle.swift */; };
		E25175961DC848E600BB7C10 /* Vertex.swift in Sources */ = {isa = PBXBuildFile; fileRef = E2C131E41DC738CA0074D5CE /* Vertex.swift */; };
		E25175971DC848E600BB7C10 /* Cube.swift in Sources */ = {isa = PBXBuildFile; fileRef = E2C131EC1DC748450074D5CE /* Cube.swift */; };
		E25175981DC848E600BB7C10 /* Matrix4.h in Sources */ = {isa = PBXBuildFile; fileRef = E2C131E01DC7377B0074D5CE /* Matrix4.h */; };
		E25175991DC848E600BB7C10 /* Matrix4.m in Sources */ = {isa = PBXBuildFile; fileRef = E2C131E11DC7377B0074D5CE /* Matrix4.m */; };
		E251759A1DC848E600BB7C10 /* Shaders.metal in Sources */ = {isa = PBXBuildFile; fileRef = E2C131E61DC739560074D5CE /* Shaders.metal */; };
		E251759B1DC8498700BB7C10 /* Renderer.swift in Sources */ = {isa = PBXBuildFile; fileRef = E251758C1DC8450400BB7C10 /* Renderer.swift */; };
		E25175A11DC868AC00BB7C10 /* MetalView.swift in Sources */ = {isa = PBXBuildFile; fileRef = E251759F1DC868AC00BB7C10 /* MetalView.swift */; };
		E25175A41DC870BC00BB7C10 /* Texture.metal in Sources */ = {isa = PBXBuildFile; fileRef = E25175A21DC870BC00BB7C10 /* Texture.metal */; };
		E25175A71DC8725000BB7C10 /* TextureCube.swift in Sources */ = {isa = PBXBuildFile; fileRef = E25175A51DC8725000BB7C10 /* TextureCube.swift */; };
		E25175A91DC8750300BB7C10 /* GLKVertex.swift in Sources */ = {isa = PBXBuildFile; fileRef = E25175A81DC8750300BB7C10 /* GLKVertex.swift */; };
		E25175AA1DC8750300BB7C10 /* GLKVertex.swift in Sources */ = {isa = PBXBuildFile; fileRef = E25175A81DC8750300BB7C10 /* GLKVertex.swift */; };
		E25175AD1DC87AD200BB7C10 /* TexVertex.swift in Sources */ = {isa = PBXBuildFile; fileRef = E25175AB1DC87AD200BB7C10 /* TexVertex.swift */; };
		E25175AF1DC87C4F00BB7C10 /* Textures.xcassets in Resources */ = {isa = PBXBuildFile; fileRef = E25175AE1DC87C4F00BB7C10 /* Textures.xcassets */; };
		E25175B01DC87C4F00BB7C10 /* Textures.xcassets in Resources */ = {isa = PBXBuildFile; fileRef = E25175AE1DC87C4F00BB7C10 /* Textures.xcassets */; };
		E25175B21DC87CF300BB7C10 /* MakeTexture.swift in Sources */ = {isa = PBXBuildFile; fileRef = E25175B11DC87CF300BB7C10 /* MakeTexture.swift */; };
		E25175B41DC8933900BB7C10 /* README.md in Sources */ = {isa = PBXBuildFile; fileRef = E25175B31DC8933900BB7C10 /* README.md */; };
		E25175B61DC89CC400BB7C10 /* MoveBall.swift in Sources */ = {isa = PBXBuildFile; fileRef = E25175B51DC89CC400BB7C10 /* MoveBall.swift */; };
		E253710D1DE6E79B00289F8B /* EIArcball.swift in Sources */ = {isa = PBXBuildFile; fileRef = E253710C1DE6E79B00289F8B /* EIArcball.swift */; };
		E271909F1DCC222C000A96FD /* README.md in Sources */ = {isa = PBXBuildFile; fileRef = E271909E1DCC222C000A96FD /* README.md */; };
		E29228391DCB1B7D0044E62E /* MakeTexture.swift in Sources */ = {isa = PBXBuildFile; fileRef = E25175B11DC87CF300BB7C10 /* MakeTexture.swift */; };
		E292283B1DCB1CB20044E62E /* model_io.metal in Sources */ = {isa = PBXBuildFile; fileRef = E292283A1DCB1CB20044E62E /* model_io.metal */; };
		E292283C1DCB1D7C0044E62E /* RendererExtensions.swift in Sources */ = {isa = PBXBuildFile; fileRef = E251758E1DC8467A00BB7C10 /* RendererExtensions.swift */; };
		E29228491DCB2FA40044E62E /* Textures.xcassets in Resources */ = {isa = PBXBuildFile; fileRef = E25175AE1DC87C4F00BB7C10 /* Textures.xcassets */; };
		E292284B1DCB36FC0044E62E /* DvrView.swift in Sources */ = {isa = PBXBuildFile; fileRef = E292284A1DCB36FC0044E62E /* DvrView.swift */; };
		E29228531DCB3B7B0044E62E /* Model_IORenderer.swift in Sources */ = {isa = PBXBuildFile; fileRef = E29228521DCB3B7B0044E62E /* Model_IORenderer.swift */; };
		E2C131B31DC733C20074D5CE /* AppDelegate.swift in Sources */ = {isa = PBXBuildFile; fileRef = E2C131B21DC733C20074D5CE /* AppDelegate.swift */; };
		E2C131B51DC733C20074D5CE /* ViewController.swift in Sources */ = {isa = PBXBuildFile; fileRef = E2C131B41DC733C20074D5CE /* ViewController.swift */; };
		E2C131B81DC733C20074D5CE /* Main.storyboard in Resources */ = {isa = PBXBuildFile; fileRef = E2C131B61DC733C20074D5CE /* Main.storyboard */; };
		E2C131BA1DC733C20074D5CE /* Assets.xcassets in Resources */ = {isa = PBXBuildFile; fileRef = E2C131B91DC733C20074D5CE /* Assets.xcassets */; };
		E2C131BD1DC733C20074D5CE /* LaunchScreen.storyboard in Resources */ = {isa = PBXBuildFile; fileRef = E2C131BB1DC733C20074D5CE /* LaunchScreen.storyboard */; };
		E2C131E21DC7377B0074D5CE /* Matrix4.m in Sources */ = {isa = PBXBuildFile; fileRef = E2C131E11DC7377B0074D5CE /* Matrix4.m */; };
		E2C131E51DC738CA0074D5CE /* Vertex.swift in Sources */ = {isa = PBXBuildFile; fileRef = E2C131E41DC738CA0074D5CE /* Vertex.swift */; };
		E2C131E71DC739560074D5CE /* Shaders.metal in Sources */ = {isa = PBXBuildFile; fileRef = E2C131E61DC739560074D5CE /* Shaders.metal */; };
		E2C131E91DC73D7D0074D5CE /* Node.swift in Sources */ = {isa = PBXBuildFile; fileRef = E2C131E81DC73D7D0074D5CE /* Node.swift */; };
		E2C131EB1DC748370074D5CE /* Triangle.swift in Sources */ = {isa = PBXBuildFile; fileRef = E2C131EA1DC748370074D5CE /* Triangle.swift */; };
		E2C131ED1DC748450074D5CE /* Cube.swift in Sources */ = {isa = PBXBuildFile; fileRef = E2C131EC1DC748450074D5CE /* Cube.swift */; };
		E2DF3AC51DC7556400B8568B /* README.md in Sources */ = {isa = PBXBuildFile; fileRef = E2DF3AC41DC7556400B8568B /* README.md */; };
/* End PBXBuildFile section */

/* Begin PBXContainerItemProxy section */
		E20CAD231DCACF1C00553EB6 /* PBXContainerItemProxy */ = {
			isa = PBXContainerItemProxy;
			containerPortal = E2C131A71DC733C20074D5CE /* Project object */;
			proxyType = 1;
			remoteGlobalIDString = E20CAD0E1DCACF1C00553EB6;
			remoteInfo = HelloModel_IO;
		};
		E20CAD2E1DCACF1C00553EB6 /* PBXContainerItemProxy */ = {
			isa = PBXContainerItemProxy;
			containerPortal = E2C131A71DC733C20074D5CE /* Project object */;
			proxyType = 1;
			remoteGlobalIDString = E20CAD0E1DCACF1C00553EB6;
			remoteInfo = HelloModel_IO;
		};
		E25175711DC8439000BB7C10 /* PBXContainerItemProxy */ = {
			isa = PBXContainerItemProxy;
			containerPortal = E2C131A71DC733C20074D5CE /* Project object */;
			proxyType = 1;
			remoteGlobalIDString = E251755C1DC8439000BB7C10;
			remoteInfo = TextureMetal;
		};
		E251757C1DC8439000BB7C10 /* PBXContainerItemProxy */ = {
			isa = PBXContainerItemProxy;
			containerPortal = E2C131A71DC733C20074D5CE /* Project object */;
			proxyType = 1;
			remoteGlobalIDString = E251755C1DC8439000BB7C10;
			remoteInfo = TextureMetal;
		};
		E2C131C41DC733C20074D5CE /* PBXContainerItemProxy */ = {
			isa = PBXContainerItemProxy;
			containerPortal = E2C131A71DC733C20074D5CE /* Project object */;
			proxyType = 1;
			remoteGlobalIDString = E2C131AE1DC733C20074D5CE;
			remoteInfo = RotateDemo;
		};
		E2C131CF1DC733C20074D5CE /* PBXContainerItemProxy */ = {
			isa = PBXContainerItemProxy;
			containerPortal = E2C131A71DC733C20074D5CE /* Project object */;
			proxyType = 1;
			remoteGlobalIDString = E2C131AE1DC733C20074D5CE;
			remoteInfo = RotateDemo;
		};
/* End PBXContainerItemProxy section */

/* Begin PBXFileReference section */
		E20CAD0F1DCACF1C00553EB6 /* HelloModel_IO.app */ = {isa = PBXFileReference; explicitFileType = wrapper.application; includeInIndex = 0; path = HelloModel_IO.app; sourceTree = BUILT_PRODUCTS_DIR; };
		E20CAD161DCACF1C00553EB6 /* Base */ = {isa = PBXFileReference; lastKnownFileType = file.storyboard; name = Base; path = Base.lproj/Main.storyboard; sourceTree = "<group>"; };
		E20CAD181DCACF1C00553EB6 /* Assets.xcassets */ = {isa = PBXFileReference; lastKnownFileType = folder.assetcatalog; path = Assets.xcassets; sourceTree = "<group>"; };
		E20CAD1B1DCACF1C00553EB6 /* Base */ = {isa = PBXFileReference; lastKnownFileType = file.storyboard; name = Base; path = Base.lproj/LaunchScreen.storyboard; sourceTree = "<group>"; };
		E20CAD1D1DCACF1C00553EB6 /* Info.plist */ = {isa = PBXFileReference; lastKnownFileType = text.plist.xml; path = Info.plist; sourceTree = "<group>"; };
		E20CAD221DCACF1C00553EB6 /* HelloModel_IOTests.xctest */ = {isa = PBXFileReference; explicitFileType = wrapper.cfbundle; includeInIndex = 0; path = HelloModel_IOTests.xctest; sourceTree = BUILT_PRODUCTS_DIR; };
		E20CAD2D1DCACF1C00553EB6 /* HelloModel_IOUITests.xctest */ = {isa = PBXFileReference; explicitFileType = wrapper.cfbundle; includeInIndex = 0; path = HelloModel_IOUITests.xctest; sourceTree = BUILT_PRODUCTS_DIR; };
		E20CAD431DCAD08F00553EB6 /* Model_IOMetalView.swift */ = {isa = PBXFileReference; fileEncoding = 4; lastKnownFileType = sourcecode.swift; path = Model_IOMetalView.swift; sourceTree = "<group>"; };
		E20CAD451DCAD28100553EB6 /* DvrCamera.swift */ = {isa = PBXFileReference; fileEncoding = 4; lastKnownFileType = sourcecode.swift; path = DvrCamera.swift; sourceTree = "<group>"; };
		E20CAD471DCAE12700553EB6 /* DvrMesh.swift */ = {isa = PBXFileReference; fileEncoding = 4; lastKnownFileType = sourcecode.swift; path = DvrMesh.swift; sourceTree = "<group>"; };
		E20CAD491DCAE55800553EB6 /* MetallicTransform.swift */ = {isa = PBXFileReference; fileEncoding = 4; lastKnownFileType = sourcecode.swift; path = MetallicTransform.swift; sourceTree = "<group>"; };
		E20CAD4B1DCAE6D800553EB6 /* Math.swift */ = {isa = PBXFileReference; fileEncoding = 4; lastKnownFileType = sourcecode.swift; path = Math.swift; sourceTree = "<group>"; };
		E2152CDA1DC9CE6A00A6991E /* MBEMathUtilities.h */ = {isa = PBXFileReference; fileEncoding = 4; lastKnownFileType = sourcecode.c.h; path = MBEMathUtilities.h; sourceTree = "<group>"; };
		E2152CDB1DC9CE6A00A6991E /* MBEMathUtilities.m */ = {isa = PBXFileReference; fileEncoding = 4; lastKnownFileType = sourcecode.c.objc; path = MBEMathUtilities.m; sourceTree = "<group>"; };
		E251755D1DC8439000BB7C10 /* TextureMetal.app */ = {isa = PBXFileReference; explicitFileType = wrapper.application; includeInIndex = 0; path = TextureMetal.app; sourceTree = BUILT_PRODUCTS_DIR; };
		E25175641DC8439000BB7C10 /* Base */ = {isa = PBXFileReference; lastKnownFileType = file.storyboard; name = Base; path = Base.lproj/Main.storyboard; sourceTree = "<group>"; };
		E25175661DC8439000BB7C10 /* Assets.xcassets */ = {isa = PBXFileReference; lastKnownFileType = folder.assetcatalog; path = Assets.xcassets; sourceTree = "<group>"; };
		E25175691DC8439000BB7C10 /* Base */ = {isa = PBXFileReference; lastKnownFileType = file.storyboard; name = Base; path = Base.lproj/LaunchScreen.storyboard; sourceTree = "<group>"; };
		E251756B1DC8439000BB7C10 /* Info.plist */ = {isa = PBXFileReference; lastKnownFileType = text.plist.xml; path = Info.plist; sourceTree = "<group>"; };
		E25175701DC8439000BB7C10 /* TextureMetalTests.xctest */ = {isa = PBXFileReference; explicitFileType = wrapper.cfbundle; includeInIndex = 0; path = TextureMetalTests.xctest; sourceTree = BUILT_PRODUCTS_DIR; };
		E251757B1DC8439000BB7C10 /* TextureMetalUITests.xctest */ = {isa = PBXFileReference; explicitFileType = wrapper.cfbundle; includeInIndex = 0; path = TextureMetalUITests.xctest; sourceTree = BUILT_PRODUCTS_DIR; };
		E251758C1DC8450400BB7C10 /* Renderer.swift */ = {isa = PBXFileReference; fileEncoding = 4; lastKnownFileType = sourcecode.swift; name = Renderer.swift; path = ../RotateDemo/Renderer.swift; sourceTree = "<group>"; };
		E251758E1DC8467A00BB7C10 /* RendererExtensions.swift */ = {isa = PBXFileReference; fileEncoding = 4; lastKnownFileType = sourcecode.swift; path = RendererExtensions.swift; sourceTree = "<group>"; };
		E25175901DC846D100BB7C10 /* EIView.swift */ = {isa = PBXFileReference; fileEncoding = 4; lastKnownFileType = sourcecode.swift; path = EIView.swift; sourceTree = "<group>"; };
		E251759F1DC868AC00BB7C10 /* MetalView.swift */ = {isa = PBXFileReference; fileEncoding = 4; lastKnownFileType = sourcecode.swift; path = MetalView.swift; sourceTree = "<group>"; };
		E25175A21DC870BC00BB7C10 /* Texture.metal */ = {isa = PBXFileReference; fileEncoding = 4; lastKnownFileType = sourcecode.metal; path = Texture.metal; sourceTree = "<group>"; };
		E25175A51DC8725000BB7C10 /* TextureCube.swift */ = {isa = PBXFileReference; fileEncoding = 4; lastKnownFileType = sourcecode.swift; path = TextureCube.swift; sourceTree = "<group>"; };
		E25175A81DC8750300BB7C10 /* GLKVertex.swift */ = {isa = PBXFileReference; fileEncoding = 4; lastKnownFileType = sourcecode.swift; path = GLKVertex.swift; sourceTree = "<group>"; };
		E25175AB1DC87AD200BB7C10 /* TexVertex.swift */ = {isa = PBXFileReference; fileEncoding = 4; lastKnownFileType = sourcecode.swift; path = TexVertex.swift; sourceTree = "<group>"; };
		E25175AE1DC87C4F00BB7C10 /* Textures.xcassets */ = {isa = PBXFileReference; lastKnownFileType = folder.assetcatalog; path = Textures.xcassets; sourceTree = "<group>"; };
		E25175B11DC87CF300BB7C10 /* MakeTexture.swift */ = {isa = PBXFileReference; fileEncoding = 4; lastKnownFileType = sourcecode.swift; path = MakeTexture.swift; sourceTree = "<group>"; };
		E25175B31DC8933900BB7C10 /* README.md */ = {isa = PBXFileReference; fileEncoding = 4; lastKnownFileType = net.daringfireball.markdown; path = README.md; sourceTree = "<group>"; };
		E25175B51DC89CC400BB7C10 /* MoveBall.swift */ = {isa = PBXFileReference; fileEncoding = 4; lastKnownFileType = sourcecode.swift; path = MoveBall.swift; sourceTree = "<group>"; };
		E253710C1DE6E79B00289F8B /* EIArcball.swift */ = {isa = PBXFileReference; fileEncoding = 4; lastKnownFileType = sourcecode.swift; path = EIArcball.swift; sourceTree = "<group>"; };
		E271909E1DCC222C000A96FD /* README.md */ = {isa = PBXFileReference; fileEncoding = 4; lastKnownFileType = net.daringfireball.markdown; path = README.md; sourceTree = "<group>"; };
		E292283A1DCB1CB20044E62E /* model_io.metal */ = {isa = PBXFileReference; fileEncoding = 4; lastKnownFileType = sourcecode.metal; path = model_io.metal; sourceTree = "<group>"; };
		E292284A1DCB36FC0044E62E /* DvrView.swift */ = {isa = PBXFileReference; fileEncoding = 4; lastKnownFileType = sourcecode.swift; path = DvrView.swift; sourceTree = "<group>"; };
		E29228521DCB3B7B0044E62E /* Model_IORenderer.swift */ = {isa = PBXFileReference; fileEncoding = 4; lastKnownFileType = sourcecode.swift; path = Model_IORenderer.swift; sourceTree = "<group>"; };
		E2C131AF1DC733C20074D5CE /* RotateDemo.app */ = {isa = PBXFileReference; explicitFileType = wrapper.application; includeInIndex = 0; path = RotateDemo.app; sourceTree = BUILT_PRODUCTS_DIR; };
		E2C131B21DC733C20074D5CE /* AppDelegate.swift */ = {isa = PBXFileReference; lastKnownFileType = sourcecode.swift; name = AppDelegate.swift; path = ../RotateDemo/AppDelegate.swift; sourceTree = "<group>"; };
		E2C131B41DC733C20074D5CE /* ViewController.swift */ = {isa = PBXFileReference; lastKnownFileType = sourcecode.swift; path = ViewController.swift; sourceTree = "<group>"; };
		E2C131B71DC733C20074D5CE /* Base */ = {isa = PBXFileReference; lastKnownFileType = file.storyboard; name = Base; path = Base.lproj/Main.storyboard; sourceTree = "<group>"; };
		E2C131B91DC733C20074D5CE /* Assets.xcassets */ = {isa = PBXFileReference; lastKnownFileType = folder.assetcatalog; path = Assets.xcassets; sourceTree = "<group>"; };
		E2C131BC1DC733C20074D5CE /* Base */ = {isa = PBXFileReference; lastKnownFileType = file.storyboard; name = Base; path = Base.lproj/LaunchScreen.storyboard; sourceTree = "<group>"; };
		E2C131BE1DC733C20074D5CE /* Info.plist */ = {isa = PBXFileReference; lastKnownFileType = text.plist.xml; path = Info.plist; sourceTree = "<group>"; };
		E2C131C31DC733C20074D5CE /* RotateDemoTests.xctest */ = {isa = PBXFileReference; explicitFileType = wrapper.cfbundle; includeInIndex = 0; path = RotateDemoTests.xctest; sourceTree = BUILT_PRODUCTS_DIR; };
		E2C131CE1DC733C20074D5CE /* RotateDemoUITests.xctest */ = {isa = PBXFileReference; explicitFileType = wrapper.cfbundle; includeInIndex = 0; path = RotateDemoUITests.xctest; sourceTree = BUILT_PRODUCTS_DIR; };
		E2C131E01DC7377B0074D5CE /* Matrix4.h */ = {isa = PBXFileReference; fileEncoding = 4; lastKnownFileType = sourcecode.c.h; name = Matrix4.h; path = ../RotateDemo/Matrix4.h; sourceTree = "<group>"; };
		E2C131E11DC7377B0074D5CE /* Matrix4.m */ = {isa = PBXFileReference; fileEncoding = 4; lastKnownFileType = sourcecode.c.objc; name = Matrix4.m; path = ../RotateDemo/Matrix4.m; sourceTree = "<group>"; };
		E2C131E31DC737D30074D5CE /* Bridging-Header.h */ = {isa = PBXFileReference; lastKnownFileType = sourcecode.c.h; name = "Bridging-Header.h"; path = "../RotateDemo/Bridging-Header.h"; sourceTree = "<group>"; };
		E2C131E41DC738CA0074D5CE /* Vertex.swift */ = {isa = PBXFileReference; fileEncoding = 4; lastKnownFileType = sourcecode.swift; name = Vertex.swift; path = ../RotateDemo/Vertex.swift; sourceTree = "<group>"; };
		E2C131E61DC739560074D5CE /* Shaders.metal */ = {isa = PBXFileReference; fileEncoding = 4; lastKnownFileType = sourcecode.metal; name = Shaders.metal; path = ../RotateDemo/Shaders.metal; sourceTree = "<group>"; };
		E2C131E81DC73D7D0074D5CE /* Node.swift */ = {isa = PBXFileReference; fileEncoding = 4; lastKnownFileType = sourcecode.swift; name = Node.swift; path = ../RotateDemo/Node.swift; sourceTree = "<group>"; };
		E2C131EA1DC748370074D5CE /* Triangle.swift */ = {isa = PBXFileReference; fileEncoding = 4; lastKnownFileType = sourcecode.swift; name = Triangle.swift; path = ../RotateDemo/Triangle.swift; sourceTree = "<group>"; };
		E2C131EC1DC748450074D5CE /* Cube.swift */ = {isa = PBXFileReference; fileEncoding = 4; lastKnownFileType = sourcecode.swift; name = Cube.swift; path = ../RotateDemo/Cube.swift; sourceTree = "<group>"; };
		E2DF3AC41DC7556400B8568B /* README.md */ = {isa = PBXFileReference; fileEncoding = 4; lastKnownFileType = net.daringfireball.markdown; path = README.md; sourceTree = "<group>"; };
/* End PBXFileReference section */

/* Begin PBXFrameworksBuildPhase section */
		E20CAD0C1DCACF1C00553EB6 /* Frameworks */ = {
			isa = PBXFrameworksBuildPhase;
			buildActionMask = 2147483647;
			files = (
			);
			runOnlyForDeploymentPostprocessing = 0;
		};
		E20CAD1F1DCACF1C00553EB6 /* Frameworks */ = {
			isa = PBXFrameworksBuildPhase;
			buildActionMask = 2147483647;
			files = (
			);
			runOnlyForDeploymentPostprocessing = 0;
		};
		E20CAD2A1DCACF1C00553EB6 /* Frameworks */ = {
			isa = PBXFrameworksBuildPhase;
			buildActionMask = 2147483647;
			files = (
			);
			runOnlyForDeploymentPostprocessing = 0;
		};
		E251755A1DC8439000BB7C10 /* Frameworks */ = {
			isa = PBXFrameworksBuildPhase;
			buildActionMask = 2147483647;
			files = (
			);
			runOnlyForDeploymentPostprocessing = 0;
		};
		E251756D1DC8439000BB7C10 /* Frameworks */ = {
			isa = PBXFrameworksBuildPhase;
			buildActionMask = 2147483647;
			files = (
			);
			runOnlyForDeploymentPostprocessing = 0;
		};
		E25175781DC8439000BB7C10 /* Frameworks */ = {
			isa = PBXFrameworksBuildPhase;
			buildActionMask = 2147483647;
			files = (
			);
			runOnlyForDeploymentPostprocessing = 0;
		};
		E2C131AC1DC733C20074D5CE /* Frameworks */ = {
			isa = PBXFrameworksBuildPhase;
			buildActionMask = 2147483647;
			files = (
			);
			runOnlyForDeploymentPostprocessing = 0;
		};
		E2C131C01DC733C20074D5CE /* Frameworks */ = {
			isa = PBXFrameworksBuildPhase;
			buildActionMask = 2147483647;
			files = (
			);
			runOnlyForDeploymentPostprocessing = 0;
		};
		E2C131CB1DC733C20074D5CE /* Frameworks */ = {
			isa = PBXFrameworksBuildPhase;
			buildActionMask = 2147483647;
			files = (
			);
			runOnlyForDeploymentPostprocessing = 0;
		};
/* End PBXFrameworksBuildPhase section */

/* Begin PBXGroup section */
		E20CAD101DCACF1C00553EB6 /* HelloModel_IO */ = {
			isa = PBXGroup;
			children = (
				E20CAD4B1DCAE6D800553EB6 /* Math.swift */,
				E292284A1DCB36FC0044E62E /* DvrView.swift */,
				E253710C1DE6E79B00289F8B /* EIArcball.swift */,
				E20CAD431DCAD08F00553EB6 /* Model_IOMetalView.swift */,
				E20CAD451DCAD28100553EB6 /* DvrCamera.swift */,
				E29228521DCB3B7B0044E62E /* Model_IORenderer.swift */,
				E20CAD491DCAE55800553EB6 /* MetallicTransform.swift */,
				E20CAD471DCAE12700553EB6 /* DvrMesh.swift */,
				E20CAD151DCACF1C00553EB6 /* Main.storyboard */,
				E20CAD181DCACF1C00553EB6 /* Assets.xcassets */,
				E20CAD1A1DCACF1C00553EB6 /* LaunchScreen.storyboard */,
				E20CAD1D1DCACF1C00553EB6 /* Info.plist */,
				E271909E1DCC222C000A96FD /* README.md */,
			);
			path = HelloModel_IO;
			sourceTree = "<group>";
		};
		E251751E1DC83EF000BB7C10 /* Shared */ = {
			isa = PBXGroup;
			children = (
				E25175AE1DC87C4F00BB7C10 /* Textures.xcassets */,
				E2C131B21DC733C20074D5CE /* AppDelegate.swift */,
				E2C131E81DC73D7D0074D5CE /* Node.swift */,
				E2C131EA1DC748370074D5CE /* Triangle.swift */,
				E2C131E41DC738CA0074D5CE /* Vertex.swift */,
				E25175A81DC8750300BB7C10 /* GLKVertex.swift */,
				E25175AB1DC87AD200BB7C10 /* TexVertex.swift */,
				E2C131EC1DC748450074D5CE /* Cube.swift */,
				E25175A51DC8725000BB7C10 /* TextureCube.swift */,
				E25175B51DC89CC400BB7C10 /* MoveBall.swift */,
				E251758E1DC8467A00BB7C10 /* RendererExtensions.swift */,
				E25175901DC846D100BB7C10 /* EIView.swift */,
				E25175B11DC87CF300BB7C10 /* MakeTexture.swift */,
				E2C131E31DC737D30074D5CE /* Bridging-Header.h */,
				E2C131E01DC7377B0074D5CE /* Matrix4.h */,
				E2C131E11DC7377B0074D5CE /* Matrix4.m */,
				E2152CDA1DC9CE6A00A6991E /* MBEMathUtilities.h */,
				E2152CDB1DC9CE6A00A6991E /* MBEMathUtilities.m */,
				E2C131E61DC739560074D5CE /* Shaders.metal */,
				E25175A21DC870BC00BB7C10 /* Texture.metal */,
				E292283A1DCB1CB20044E62E /* model_io.metal */,
			);
			name = Shared;
			path = Share;
			sourceTree = "<group>";
		};
		E251755E1DC8439000BB7C10 /* TextureMetal */ = {
			isa = PBXGroup;
			children = (
				E251758C1DC8450400BB7C10 /* Renderer.swift */,
				E251759F1DC868AC00BB7C10 /* MetalView.swift */,
				E25175631DC8439000BB7C10 /* Main.storyboard */,
				E25175661DC8439000BB7C10 /* Assets.xcassets */,
				E25175681DC8439000BB7C10 /* LaunchScreen.storyboard */,
				E251756B1DC8439000BB7C10 /* Info.plist */,
				E25175B31DC8933900BB7C10 /* README.md */,
			);
			path = TextureMetal;
			sourceTree = "<group>";
		};
		E2C131A61DC733C20074D5CE = {
			isa = PBXGroup;
			children = (
				E251751E1DC83EF000BB7C10 /* Shared */,
				E2C131B11DC733C20074D5CE /* RotateDemo */,
				E251755E1DC8439000BB7C10 /* TextureMetal */,
				E20CAD101DCACF1C00553EB6 /* HelloModel_IO */,
				E2C131B01DC733C20074D5CE /* Products */,
			);
			sourceTree = "<group>";
		};
		E2C131B01DC733C20074D5CE /* Products */ = {
			isa = PBXGroup;
			children = (
				E2C131AF1DC733C20074D5CE /* RotateDemo.app */,
				E2C131C31DC733C20074D5CE /* RotateDemoTests.xctest */,
				E2C131CE1DC733C20074D5CE /* RotateDemoUITests.xctest */,
				E251755D1DC8439000BB7C10 /* TextureMetal.app */,
				E25175701DC8439000BB7C10 /* TextureMetalTests.xctest */,
				E251757B1DC8439000BB7C10 /* TextureMetalUITests.xctest */,
				E20CAD0F1DCACF1C00553EB6 /* HelloModel_IO.app */,
				E20CAD221DCACF1C00553EB6 /* HelloModel_IOTests.xctest */,
				E20CAD2D1DCACF1C00553EB6 /* HelloModel_IOUITests.xctest */,
			);
			name = Products;
			sourceTree = "<group>";
		};
		E2C131B11DC733C20074D5CE /* RotateDemo */ = {
			isa = PBXGroup;
			children = (
				E2C131B41DC733C20074D5CE /* ViewController.swift */,
				E2DF3AC41DC7556400B8568B /* README.md */,
				E2C131B61DC733C20074D5CE /* Main.storyboard */,
				E2C131B91DC733C20074D5CE /* Assets.xcassets */,
				E2C131BB1DC733C20074D5CE /* LaunchScreen.storyboard */,
				E2C131BE1DC733C20074D5CE /* Info.plist */,
			);
			path = RotateDemo;
			sourceTree = "<group>";
		};
/* End PBXGroup section */

/* Begin PBXNativeTarget section */
		E20CAD0E1DCACF1C00553EB6 /* HelloModel_IO */ = {
			isa = PBXNativeTarget;
			buildConfigurationList = E20CAD3A1DCACF1C00553EB6 /* Build configuration list for PBXNativeTarget "HelloModel_IO" */;
			buildPhases = (
				E20CAD0B1DCACF1C00553EB6 /* Sources */,
				E20CAD0C1DCACF1C00553EB6 /* Frameworks */,
				E20CAD0D1DCACF1C00553EB6 /* Resources */,
			);
			buildRules = (
			);
			dependencies = (
			);
			name = HelloModel_IO;
			productName = HelloModel_IO;
			productReference = E20CAD0F1DCACF1C00553EB6 /* HelloModel_IO.app */;
			productType = "com.apple.product-type.application";
		};
		E20CAD211DCACF1C00553EB6 /* HelloModel_IOTests */ = {
			isa = PBXNativeTarget;
			buildConfigurationList = E20CAD3B1DCACF1C00553EB6 /* Build configuration list for PBXNativeTarget "HelloModel_IOTests" */;
			buildPhases = (
				E20CAD1E1DCACF1C00553EB6 /* Sources */,
				E20CAD1F1DCACF1C00553EB6 /* Frameworks */,
				E20CAD201DCACF1C00553EB6 /* Resources */,
			);
			buildRules = (
			);
			dependencies = (
				E20CAD241DCACF1C00553EB6 /* PBXTargetDependency */,
			);
			name = HelloModel_IOTests;
			productName = HelloModel_IOTests;
			productReference = E20CAD221DCACF1C00553EB6 /* HelloModel_IOTests.xctest */;
			productType = "com.apple.product-type.bundle.unit-test";
		};
		E20CAD2C1DCACF1C00553EB6 /* HelloModel_IOUITests */ = {
			isa = PBXNativeTarget;
			buildConfigurationList = E20CAD3C1DCACF1C00553EB6 /* Build configuration list for PBXNativeTarget "HelloModel_IOUITests" */;
			buildPhases = (
				E20CAD291DCACF1C00553EB6 /* Sources */,
				E20CAD2A1DCACF1C00553EB6 /* Frameworks */,
				E20CAD2B1DCACF1C00553EB6 /* Resources */,
			);
			buildRules = (
			);
			dependencies = (
				E20CAD2F1DCACF1C00553EB6 /* PBXTargetDependency */,
			);
			name = HelloModel_IOUITests;
			productName = HelloModel_IOUITests;
			productReference = E20CAD2D1DCACF1C00553EB6 /* HelloModel_IOUITests.xctest */;
			productType = "com.apple.product-type.bundle.ui-testing";
		};
		E251755C1DC8439000BB7C10 /* TextureMetal */ = {
			isa = PBXNativeTarget;
			buildConfigurationList = E25175821DC8439000BB7C10 /* Build configuration list for PBXNativeTarget "TextureMetal" */;
			buildPhases = (
				E25175591DC8439000BB7C10 /* Sources */,
				E251755A1DC8439000BB7C10 /* Frameworks */,
				E251755B1DC8439000BB7C10 /* Resources */,
			);
			buildRules = (
			);
			dependencies = (
			);
			name = TextureMetal;
			productName = TextureMetal;
			productReference = E251755D1DC8439000BB7C10 /* TextureMetal.app */;
			productType = "com.apple.product-type.application";
		};
		E251756F1DC8439000BB7C10 /* TextureMetalTests */ = {
			isa = PBXNativeTarget;
			buildConfigurationList = E25175851DC8439000BB7C10 /* Build configuration list for PBXNativeTarget "TextureMetalTests" */;
			buildPhases = (
				E251756C1DC8439000BB7C10 /* Sources */,
				E251756D1DC8439000BB7C10 /* Frameworks */,
				E251756E1DC8439000BB7C10 /* Resources */,
			);
			buildRules = (
			);
			dependencies = (
				E25175721DC8439000BB7C10 /* PBXTargetDependency */,
			);
			name = TextureMetalTests;
			productName = TextureMetalTests;
			productReference = E25175701DC8439000BB7C10 /* TextureMetalTests.xctest */;
			productType = "com.apple.product-type.bundle.unit-test";
		};
		E251757A1DC8439000BB7C10 /* TextureMetalUITests */ = {
			isa = PBXNativeTarget;
			buildConfigurationList = E25175881DC8439000BB7C10 /* Build configuration list for PBXNativeTarget "TextureMetalUITests" */;
			buildPhases = (
				E25175771DC8439000BB7C10 /* Sources */,
				E25175781DC8439000BB7C10 /* Frameworks */,
				E25175791DC8439000BB7C10 /* Resources */,
			);
			buildRules = (
			);
			dependencies = (
				E251757D1DC8439000BB7C10 /* PBXTargetDependency */,
			);
			name = TextureMetalUITests;
			productName = TextureMetalUITests;
			productReference = E251757B1DC8439000BB7C10 /* TextureMetalUITests.xctest */;
			productType = "com.apple.product-type.bundle.ui-testing";
		};
		E2C131AE1DC733C20074D5CE /* RotateDemo */ = {
			isa = PBXNativeTarget;
			buildConfigurationList = E2C131D71DC733C20074D5CE /* Build configuration list for PBXNativeTarget "RotateDemo" */;
			buildPhases = (
				E2C131AB1DC733C20074D5CE /* Sources */,
				E2C131AC1DC733C20074D5CE /* Frameworks */,
				E2C131AD1DC733C20074D5CE /* Resources */,
			);
			buildRules = (
			);
			dependencies = (
			);
			name = RotateDemo;
			productName = RotateDemo;
			productReference = E2C131AF1DC733C20074D5CE /* RotateDemo.app */;
			productType = "com.apple.product-type.application";
		};
		E2C131C21DC733C20074D5CE /* RotateDemoTests */ = {
			isa = PBXNativeTarget;
			buildConfigurationList = E2C131DA1DC733C20074D5CE /* Build configuration list for PBXNativeTarget "RotateDemoTests" */;
			buildPhases = (
				E2C131BF1DC733C20074D5CE /* Sources */,
				E2C131C01DC733C20074D5CE /* Frameworks */,
				E2C131C11DC733C20074D5CE /* Resources */,
			);
			buildRules = (
			);
			dependencies = (
				E2C131C51DC733C20074D5CE /* PBXTargetDependency */,
			);
			name = RotateDemoTests;
			productName = RotateDemoTests;
			productReference = E2C131C31DC733C20074D5CE /* RotateDemoTests.xctest */;
			productType = "com.apple.product-type.bundle.unit-test";
		};
		E2C131CD1DC733C20074D5CE /* RotateDemoUITests */ = {
			isa = PBXNativeTarget;
			buildConfigurationList = E2C131DD1DC733C20074D5CE /* Build configuration list for PBXNativeTarget "RotateDemoUITests" */;
			buildPhases = (
				E2C131CA1DC733C20074D5CE /* Sources */,
				E2C131CB1DC733C20074D5CE /* Frameworks */,
				E2C131CC1DC733C20074D5CE /* Resources */,
			);
			buildRules = (
			);
			dependencies = (
				E2C131D01DC733C20074D5CE /* PBXTargetDependency */,
			);
			name = RotateDemoUITests;
			productName = RotateDemoUITests;
			productReference = E2C131CE1DC733C20074D5CE /* RotateDemoUITests.xctest */;
			productType = "com.apple.product-type.bundle.ui-testing";
		};
/* End PBXNativeTarget section */

/* Begin PBXProject section */
		E2C131A71DC733C20074D5CE /* Project object */ = {
			isa = PBXProject;
			attributes = {
				LastSwiftUpdateCheck = 0800;
				LastUpgradeCheck = 0800;
				ORGANIZATIONNAME = Dlodlo;
				TargetAttributes = {
					E20CAD0E1DCACF1C00553EB6 = {
						CreatedOnToolsVersion = 8.0;
						DevelopmentTeam = N5R7K6B3AF;
						ProvisioningStyle = Automatic;
					};
					E20CAD211DCACF1C00553EB6 = {
						CreatedOnToolsVersion = 8.0;
						ProvisioningStyle = Automatic;
						TestTargetID = E20CAD0E1DCACF1C00553EB6;
					};
					E20CAD2C1DCACF1C00553EB6 = {
						CreatedOnToolsVersion = 8.0;
						DevelopmentTeam = N5R7K6B3AF;
						ProvisioningStyle = Automatic;
						TestTargetID = E20CAD0E1DCACF1C00553EB6;
					};
					E251755C1DC8439000BB7C10 = {
						CreatedOnToolsVersion = 8.0;
						DevelopmentTeam = N5R7K6B3AF;
						ProvisioningStyle = Automatic;
					};
					E251756F1DC8439000BB7C10 = {
						CreatedOnToolsVersion = 8.0;
						ProvisioningStyle = Automatic;
						TestTargetID = E251755C1DC8439000BB7C10;
					};
					E251757A1DC8439000BB7C10 = {
						CreatedOnToolsVersion = 8.0;
						ProvisioningStyle = Automatic;
						TestTargetID = E251755C1DC8439000BB7C10;
					};
					E2C131AE1DC733C20074D5CE = {
						CreatedOnToolsVersion = 8.0;
						DevelopmentTeam = N5R7K6B3AF;
						ProvisioningStyle = Automatic;
					};
					E2C131C21DC733C20074D5CE = {
						CreatedOnToolsVersion = 8.0;
						ProvisioningStyle = Automatic;
						TestTargetID = E2C131AE1DC733C20074D5CE;
					};
					E2C131CD1DC733C20074D5CE = {
						CreatedOnToolsVersion = 8.0;
						ProvisioningStyle = Automatic;
						TestTargetID = E2C131AE1DC733C20074D5CE;
					};
				};
			};
			buildConfigurationList = E2C131AA1DC733C20074D5CE /* Build configuration list for PBXProject "RotateDemo" */;
			compatibilityVersion = "Xcode 3.2";
			developmentRegion = English;
			hasScannedForEncodings = 0;
			knownRegions = (
				en,
				Base,
			);
			mainGroup = E2C131A61DC733C20074D5CE;
			productRefGroup = E2C131B01DC733C20074D5CE /* Products */;
			projectDirPath = "";
			projectRoot = "";
			targets = (
				E2C131AE1DC733C20074D5CE /* RotateDemo */,
				E2C131C21DC733C20074D5CE /* RotateDemoTests */,
				E2C131CD1DC733C20074D5CE /* RotateDemoUITests */,
				E251755C1DC8439000BB7C10 /* TextureMetal */,
				E251756F1DC8439000BB7C10 /* TextureMetalTests */,
				E251757A1DC8439000BB7C10 /* TextureMetalUITests */,
				E20CAD0E1DCACF1C00553EB6 /* HelloModel_IO */,
				E20CAD211DCACF1C00553EB6 /* HelloModel_IOTests */,
				E20CAD2C1DCACF1C00553EB6 /* HelloModel_IOUITests */,
			);
		};
/* End PBXProject section */

/* Begin PBXResourcesBuildPhase section */
		E20CAD0D1DCACF1C00553EB6 /* Resources */ = {
			isa = PBXResourcesBuildPhase;
			buildActionMask = 2147483647;
			files = (
				E29228491DCB2FA40044E62E /* Textures.xcassets in Resources */,
				E20CAD1C1DCACF1C00553EB6 /* LaunchScreen.storyboard in Resources */,
				E20CAD191DCACF1C00553EB6 /* Assets.xcassets in Resources */,
				E20CAD171DCACF1C00553EB6 /* Main.storyboard in Resources */,
			);
			runOnlyForDeploymentPostprocessing = 0;
		};
		E20CAD201DCACF1C00553EB6 /* Resources */ = {
			isa = PBXResourcesBuildPhase;
			buildActionMask = 2147483647;
			files = (
			);
			runOnlyForDeploymentPostprocessing = 0;
		};
		E20CAD2B1DCACF1C00553EB6 /* Resources */ = {
			isa = PBXResourcesBuildPhase;
			buildActionMask = 2147483647;
			files = (
			);
			runOnlyForDeploymentPostprocessing = 0;
		};
		E251755B1DC8439000BB7C10 /* Resources */ = {
			isa = PBXResourcesBuildPhase;
			buildActionMask = 2147483647;
			files = (
				E251756A1DC8439000BB7C10 /* LaunchScreen.storyboard in Resources */,
				E25175B01DC87C4F00BB7C10 /* Textures.xcassets in Resources */,
				E25175671DC8439000BB7C10 /* Assets.xcassets in Resources */,
				E25175651DC8439000BB7C10 /* Main.storyboard in Resources */,
			);
			runOnlyForDeploymentPostprocessing = 0;
		};
		E251756E1DC8439000BB7C10 /* Resources */ = {
			isa = PBXResourcesBuildPhase;
			buildActionMask = 2147483647;
			files = (
			);
			runOnlyForDeploymentPostprocessing = 0;
		};
		E25175791DC8439000BB7C10 /* Resources */ = {
			isa = PBXResourcesBuildPhase;
			buildActionMask = 2147483647;
			files = (
			);
			runOnlyForDeploymentPostprocessing = 0;
		};
		E2C131AD1DC733C20074D5CE /* Resources */ = {
			isa = PBXResourcesBuildPhase;
			buildActionMask = 2147483647;
			files = (
				E2C131BD1DC733C20074D5CE /* LaunchScreen.storyboard in Resources */,
				E25175AF1DC87C4F00BB7C10 /* Textures.xcassets in Resources */,
				E2C131BA1DC733C20074D5CE /* Assets.xcassets in Resources */,
				E2C131B81DC733C20074D5CE /* Main.storyboard in Resources */,
			);
			runOnlyForDeploymentPostprocessing = 0;
		};
		E2C131C11DC733C20074D5CE /* Resources */ = {
			isa = PBXResourcesBuildPhase;
			buildActionMask = 2147483647;
			files = (
			);
			runOnlyForDeploymentPostprocessing = 0;
		};
		E2C131CC1DC733C20074D5CE /* Resources */ = {
			isa = PBXResourcesBuildPhase;
			buildActionMask = 2147483647;
			files = (
			);
			runOnlyForDeploymentPostprocessing = 0;
		};
/* End PBXResourcesBuildPhase section */

/* Begin PBXSourcesBuildPhase section */
		E20CAD0B1DCACF1C00553EB6 /* Sources */ = {
			isa = PBXSourcesBuildPhase;
			buildActionMask = 2147483647;
			files = (
				E29228531DCB3B7B0044E62E /* Model_IORenderer.swift in Sources */,
				E292283C1DCB1D7C0044E62E /* RendererExtensions.swift in Sources */,
				E29228391DCB1B7D0044E62E /* MakeTexture.swift in Sources */,
				E292283B1DCB1CB20044E62E /* model_io.metal in Sources */,
				E20CAD441DCAD08F00553EB6 /* Model_IOMetalView.swift in Sources */,
				E20CAD481DCAE12700553EB6 /* DvrMesh.swift in Sources */,
				E20CAD4A1DCAE55800553EB6 /* MetallicTransform.swift in Sources */,
				E292284B1DCB36FC0044E62E /* DvrView.swift in Sources */,
				E20CAD461DCAD28100553EB6 /* DvrCamera.swift in Sources */,
				E20CAD3D1DCACF9600553EB6 /* AppDelegate.swift in Sources */,
				E271909F1DCC222C000A96FD /* README.md in Sources */,
				E20CAD4C1DCAE6D800553EB6 /* Math.swift in Sources */,
				E253710D1DE6E79B00289F8B /* EIArcball.swift in Sources */,
			);
			runOnlyForDeploymentPostprocessing = 0;
		};
		E20CAD1E1DCACF1C00553EB6 /* Sources */ = {
			isa = PBXSourcesBuildPhase;
			buildActionMask = 2147483647;
			files = (
			);
			runOnlyForDeploymentPostprocessing = 0;
		};
		E20CAD291DCACF1C00553EB6 /* Sources */ = {
			isa = PBXSourcesBuildPhase;
			buildActionMask = 2147483647;
			files = (
			);
			runOnlyForDeploymentPostprocessing = 0;
		};
		E25175591DC8439000BB7C10 /* Sources */ = {
			isa = PBXSourcesBuildPhase;
			buildActionMask = 2147483647;
			files = (
				E251759B1DC8498700BB7C10 /* Renderer.swift in Sources */,
				E25175AA1DC8750300BB7C10 /* GLKVertex.swift in Sources */,
				E25175941DC848E600BB7C10 /* Node.swift in Sources */,
				E25175951DC848E600BB7C10 /* Triangle.swift in Sources */,
				E25175961DC848E600BB7C10 /* Vertex.swift in Sources */,
				E25175A41DC870BC00BB7C10 /* Texture.metal in Sources */,
				E25175B41DC8933900BB7C10 /* README.md in Sources */,
				E2152CDC1DC9CE6A00A6991E /* MBEMathUtilities.m in Sources */,
				E25175A11DC868AC00BB7C10 /* MetalView.swift in Sources */,
				E25175B61DC89CC400BB7C10 /* MoveBall.swift in Sources */,
				E25175A71DC8725000BB7C10 /* TextureCube.swift in Sources */,
				E25175B21DC87CF300BB7C10 /* MakeTexture.swift in Sources */,
				E25175971DC848E600BB7C10 /* Cube.swift in Sources */,
				E25175AD1DC87AD200BB7C10 /* TexVertex.swift in Sources */,
				E25175981DC848E600BB7C10 /* Matrix4.h in Sources */,
				E25175991DC848E600BB7C10 /* Matrix4.m in Sources */,
				E251759A1DC848E600BB7C10 /* Shaders.metal in Sources */,
				E25175931DC848D800BB7C10 /* RendererExtensions.swift in Sources */,
				E251758B1DC8445A00BB7C10 /* AppDelegate.swift in Sources */,
				E25175921DC846D100BB7C10 /* EIView.swift in Sources */,
			);
			runOnlyForDeploymentPostprocessing = 0;
		};
		E251756C1DC8439000BB7C10 /* Sources */ = {
			isa = PBXSourcesBuildPhase;
			buildActionMask = 2147483647;
			files = (
			);
			runOnlyForDeploymentPostprocessing = 0;
		};
		E25175771DC8439000BB7C10 /* Sources */ = {
			isa = PBXSourcesBuildPhase;
			buildActionMask = 2147483647;
			files = (
			);
			runOnlyForDeploymentPostprocessing = 0;
		};
		E2C131AB1DC733C20074D5CE /* Sources */ = {
			isa = PBXSourcesBuildPhase;
			buildActionMask = 2147483647;
			files = (
				E2152CD91DC9BA2A00A6991E /* TexVertex.swift in Sources */,
				E25175A91DC8750300BB7C10 /* GLKVertex.swift in Sources */,
				E2C131B51DC733C20074D5CE /* ViewController.swift in Sources */,
				E2C131E51DC738CA0074D5CE /* Vertex.swift in Sources */,
				E2C131E21DC7377B0074D5CE /* Matrix4.m in Sources */,
				E2C131E91DC73D7D0074D5CE /* Node.swift in Sources */,
				E2C131ED1DC748450074D5CE /* Cube.swift in Sources */,
				E2C131B31DC733C20074D5CE /* AppDelegate.swift in Sources */,
				E2DF3AC51DC7556400B8568B /* README.md in Sources */,
				E2C131EB1DC748370074D5CE /* Triangle.swift in Sources */,
				E25175911DC846D100BB7C10 /* EIView.swift in Sources */,
				E251758F1DC8467A00BB7C10 /* RendererExtensions.swift in Sources */,
				E2C131E71DC739560074D5CE /* Shaders.metal in Sources */,
			);
			runOnlyForDeploymentPostprocessing = 0;
		};
		E2C131BF1DC733C20074D5CE /* Sources */ = {
			isa = PBXSourcesBuildPhase;
			buildActionMask = 2147483647;
			files = (
			);
			runOnlyForDeploymentPostprocessing = 0;
		};
		E2C131CA1DC733C20074D5CE /* Sources */ = {
			isa = PBXSourcesBuildPhase;
			buildActionMask = 2147483647;
			files = (
			);
			runOnlyForDeploymentPostprocessing = 0;
		};
/* End PBXSourcesBuildPhase section */

/* Begin PBXTargetDependency section */
		E20CAD241DCACF1C00553EB6 /* PBXTargetDependency */ = {
			isa = PBXTargetDependency;
			target = E20CAD0E1DCACF1C00553EB6 /* HelloModel_IO */;
			targetProxy = E20CAD231DCACF1C00553EB6 /* PBXContainerItemProxy */;
		};
		E20CAD2F1DCACF1C00553EB6 /* PBXTargetDependency */ = {
			isa = PBXTargetDependency;
			target = E20CAD0E1DCACF1C00553EB6 /* HelloModel_IO */;
			targetProxy = E20CAD2E1DCACF1C00553EB6 /* PBXContainerItemProxy */;
		};
		E25175721DC8439000BB7C10 /* PBXTargetDependency */ = {
			isa = PBXTargetDependency;
			target = E251755C1DC8439000BB7C10 /* TextureMetal */;
			targetProxy = E25175711DC8439000BB7C10 /* PBXContainerItemProxy */;
		};
		E251757D1DC8439000BB7C10 /* PBXTargetDependency */ = {
			isa = PBXTargetDependency;
			target = E251755C1DC8439000BB7C10 /* TextureMetal */;
			targetProxy = E251757C1DC8439000BB7C10 /* PBXContainerItemProxy */;
		};
		E2C131C51DC733C20074D5CE /* PBXTargetDependency */ = {
			isa = PBXTargetDependency;
			target = E2C131AE1DC733C20074D5CE /* RotateDemo */;
			targetProxy = E2C131C41DC733C20074D5CE /* PBXContainerItemProxy */;
		};
		E2C131D01DC733C20074D5CE /* PBXTargetDependency */ = {
			isa = PBXTargetDependency;
			target = E2C131AE1DC733C20074D5CE /* RotateDemo */;
			targetProxy = E2C131CF1DC733C20074D5CE /* PBXContainerItemProxy */;
		};
/* End PBXTargetDependency section */

/* Begin PBXVariantGroup section */
		E20CAD151DCACF1C00553EB6 /* Main.storyboard */ = {
			isa = PBXVariantGroup;
			children = (
				E20CAD161DCACF1C00553EB6 /* Base */,
			);
			name = Main.storyboard;
			sourceTree = "<group>";
		};
		E20CAD1A1DCACF1C00553EB6 /* LaunchScreen.storyboard */ = {
			isa = PBXVariantGroup;
			children = (
				E20CAD1B1DCACF1C00553EB6 /* Base */,
			);
			name = LaunchScreen.storyboard;
			sourceTree = "<group>";
		};
		E25175631DC8439000BB7C10 /* Main.storyboard */ = {
			isa = PBXVariantGroup;
			children = (
				E25175641DC8439000BB7C10 /* Base */,
			);
			name = Main.storyboard;
			sourceTree = "<group>";
		};
		E25175681DC8439000BB7C10 /* LaunchScreen.storyboard */ = {
			isa = PBXVariantGroup;
			children = (
				E25175691DC8439000BB7C10 /* Base */,
			);
			name = LaunchScreen.storyboard;
			sourceTree = "<group>";
		};
		E2C131B61DC733C20074D5CE /* Main.storyboard */ = {
			isa = PBXVariantGroup;
			children = (
				E2C131B71DC733C20074D5CE /* Base */,
			);
			name = Main.storyboard;
			sourceTree = "<group>";
		};
		E2C131BB1DC733C20074D5CE /* LaunchScreen.storyboard */ = {
			isa = PBXVariantGroup;
			children = (
				E2C131BC1DC733C20074D5CE /* Base */,
			);
			name = LaunchScreen.storyboard;
			sourceTree = "<group>";
		};
/* End PBXVariantGroup section */

/* Begin XCBuildConfiguration section */
		E20CAD341DCACF1C00553EB6 /* Debug */ = {
			isa = XCBuildConfiguration;
			buildSettings = {
				ASSETCATALOG_COMPILER_APPICON_NAME = AppIcon;
				DEVELOPMENT_TEAM = N5R7K6B3AF;
				INFOPLIST_FILE = HelloModel_IO/Info.plist;
				LD_RUNPATH_SEARCH_PATHS = "$(inherited) @executable_path/Frameworks";
				PRODUCT_BUNDLE_IDENTIFIER = com.Dlodlo.TryPlayer;
				PRODUCT_NAME = "$(TARGET_NAME)";
				SWIFT_VERSION = 3.0;
			};
			name = Debug;
		};
		E20CAD351DCACF1C00553EB6 /* Release */ = {
			isa = XCBuildConfiguration;
			buildSettings = {
				ASSETCATALOG_COMPILER_APPICON_NAME = AppIcon;
				DEVELOPMENT_TEAM = N5R7K6B3AF;
				INFOPLIST_FILE = HelloModel_IO/Info.plist;
				LD_RUNPATH_SEARCH_PATHS = "$(inherited) @executable_path/Frameworks";
				PRODUCT_BUNDLE_IDENTIFIER = com.Dlodlo.TryPlayer;
				PRODUCT_NAME = "$(TARGET_NAME)";
				SWIFT_VERSION = 3.0;
			};
			name = Release;
		};
		E20CAD361DCACF1C00553EB6 /* Debug */ = {
			isa = XCBuildConfiguration;
			buildSettings = {
				ALWAYS_EMBED_SWIFT_STANDARD_LIBRARIES = YES;
				BUNDLE_LOADER = "$(TEST_HOST)";
				INFOPLIST_FILE = HelloModel_IOTests/Info.plist;
				LD_RUNPATH_SEARCH_PATHS = "$(inherited) @executable_path/Frameworks @loader_path/Frameworks";
				PRODUCT_BUNDLE_IDENTIFIER = "com.Dlodlo.HelloModel-IOTests";
				PRODUCT_NAME = "$(TARGET_NAME)";
				SWIFT_VERSION = 3.0;
				TEST_HOST = "$(BUILT_PRODUCTS_DIR)/HelloModel_IO.app/HelloModel_IO";
			};
			name = Debug;
		};
		E20CAD371DCACF1C00553EB6 /* Release */ = {
			isa = XCBuildConfiguration;
			buildSettings = {
				ALWAYS_EMBED_SWIFT_STANDARD_LIBRARIES = YES;
				BUNDLE_LOADER = "$(TEST_HOST)";
				INFOPLIST_FILE = HelloModel_IOTests/Info.plist;
				LD_RUNPATH_SEARCH_PATHS = "$(inherited) @executable_path/Frameworks @loader_path/Frameworks";
				PRODUCT_BUNDLE_IDENTIFIER = "com.Dlodlo.HelloModel-IOTests";
				PRODUCT_NAME = "$(TARGET_NAME)";
				SWIFT_VERSION = 3.0;
				TEST_HOST = "$(BUILT_PRODUCTS_DIR)/HelloModel_IO.app/HelloModel_IO";
			};
			name = Release;
		};
		E20CAD381DCACF1C00553EB6 /* Debug */ = {
			isa = XCBuildConfiguration;
			buildSettings = {
				ALWAYS_EMBED_SWIFT_STANDARD_LIBRARIES = YES;
				DEVELOPMENT_TEAM = N5R7K6B3AF;
				INFOPLIST_FILE = HelloModel_IOUITests/Info.plist;
				LD_RUNPATH_SEARCH_PATHS = "$(inherited) @executable_path/Frameworks @loader_path/Frameworks";
				PRODUCT_BUNDLE_IDENTIFIER = "com.Dlodlo.HelloModel-IOUITests";
				PRODUCT_NAME = "$(TARGET_NAME)";
				SWIFT_VERSION = 3.0;
				TEST_TARGET_NAME = HelloModel_IO;
			};
			name = Debug;
		};
		E20CAD391DCACF1C00553EB6 /* Release */ = {
			isa = XCBuildConfiguration;
			buildSettings = {
				ALWAYS_EMBED_SWIFT_STANDARD_LIBRARIES = YES;
				DEVELOPMENT_TEAM = N5R7K6B3AF;
				INFOPLIST_FILE = HelloModel_IOUITests/Info.plist;
				LD_RUNPATH_SEARCH_PATHS = "$(inherited) @executable_path/Frameworks @loader_path/Frameworks";
				PRODUCT_BUNDLE_IDENTIFIER = "com.Dlodlo.HelloModel-IOUITests";
				PRODUCT_NAME = "$(TARGET_NAME)";
				SWIFT_VERSION = 3.0;
				TEST_TARGET_NAME = HelloModel_IO;
			};
			name = Release;
		};
		E25175831DC8439000BB7C10 /* Debug */ = {
			isa = XCBuildConfiguration;
			buildSettings = {
				ASSETCATALOG_COMPILER_APPICON_NAME = AppIcon;
				DEVELOPMENT_TEAM = N5R7K6B3AF;
				INFOPLIST_FILE = TextureMetal/Info.plist;
				LD_RUNPATH_SEARCH_PATHS = "$(inherited) @executable_path/Frameworks";
				PRODUCT_BUNDLE_IDENTIFIER = com.Dlodlo.TryPlayer;
				PRODUCT_NAME = "$(TARGET_NAME)";
				SWIFT_OBJC_BRIDGING_HEADER = "RotateDemo/Bridging-Header.h";
				SWIFT_VERSION = 3.0;
			};
			name = Debug;
		};
		E25175841DC8439000BB7C10 /* Release */ = {
			isa = XCBuildConfiguration;
			buildSettings = {
				ASSETCATALOG_COMPILER_APPICON_NAME = AppIcon;
				DEVELOPMENT_TEAM = N5R7K6B3AF;
				INFOPLIST_FILE = TextureMetal/Info.plist;
				LD_RUNPATH_SEARCH_PATHS = "$(inherited) @executable_path/Frameworks";
				PRODUCT_BUNDLE_IDENTIFIER = com.Dlodlo.TryPlayer;
				PRODUCT_NAME = "$(TARGET_NAME)";
				SWIFT_OBJC_BRIDGING_HEADER = "RotateDemo/Bridging-Header.h";
				SWIFT_VERSION = 3.0;
			};
			name = Release;
		};
		E25175861DC8439000BB7C10 /* Debug */ = {
			isa = XCBuildConfiguration;
			buildSettings = {
				ALWAYS_EMBED_SWIFT_STANDARD_LIBRARIES = YES;
				BUNDLE_LOADER = "$(TEST_HOST)";
				INFOPLIST_FILE = TextureMetalTests/Info.plist;
				LD_RUNPATH_SEARCH_PATHS = "$(inherited) @executable_path/Frameworks @loader_path/Frameworks";
				PRODUCT_BUNDLE_IDENTIFIER = com.Dlodlo.TextureMetalTests;
				PRODUCT_NAME = "$(TARGET_NAME)";
				SWIFT_VERSION = 3.0;
				TEST_HOST = "$(BUILT_PRODUCTS_DIR)/TextureMetal.app/TextureMetal";
			};
			name = Debug;
		};
		E25175871DC8439000BB7C10 /* Release */ = {
			isa = XCBuildConfiguration;
			buildSettings = {
				ALWAYS_EMBED_SWIFT_STANDARD_LIBRARIES = YES;
				BUNDLE_LOADER = "$(TEST_HOST)";
				INFOPLIST_FILE = TextureMetalTests/Info.plist;
				LD_RUNPATH_SEARCH_PATHS = "$(inherited) @executable_path/Frameworks @loader_path/Frameworks";
				PRODUCT_BUNDLE_IDENTIFIER = com.Dlodlo.TextureMetalTests;
				PRODUCT_NAME = "$(TARGET_NAME)";
				SWIFT_VERSION = 3.0;
				TEST_HOST = "$(BUILT_PRODUCTS_DIR)/TextureMetal.app/TextureMetal";
			};
			name = Release;
		};
		E25175891DC8439000BB7C10 /* Debug */ = {
			isa = XCBuildConfiguration;
			buildSettings = {
				ALWAYS_EMBED_SWIFT_STANDARD_LIBRARIES = YES;
				INFOPLIST_FILE = TextureMetalUITests/Info.plist;
				LD_RUNPATH_SEARCH_PATHS = "$(inherited) @executable_path/Frameworks @loader_path/Frameworks";
				PRODUCT_BUNDLE_IDENTIFIER = com.Dlodlo.TextureMetalUITests;
				PRODUCT_NAME = "$(TARGET_NAME)";
				SWIFT_VERSION = 3.0;
				TEST_TARGET_NAME = TextureMetal;
			};
			name = Debug;
		};
		E251758A1DC8439000BB7C10 /* Release */ = {
			isa = XCBuildConfiguration;
			buildSettings = {
				ALWAYS_EMBED_SWIFT_STANDARD_LIBRARIES = YES;
				INFOPLIST_FILE = TextureMetalUITests/Info.plist;
				LD_RUNPATH_SEARCH_PATHS = "$(inherited) @executable_path/Frameworks @loader_path/Frameworks";
				PRODUCT_BUNDLE_IDENTIFIER = com.Dlodlo.TextureMetalUITests;
				PRODUCT_NAME = "$(TARGET_NAME)";
				SWIFT_VERSION = 3.0;
				TEST_TARGET_NAME = TextureMetal;
			};
			name = Release;
		};
		E2C131D51DC733C20074D5CE /* Debug */ = {
			isa = XCBuildConfiguration;
			buildSettings = {
				ALWAYS_SEARCH_USER_PATHS = NO;
				CLANG_ANALYZER_NONNULL = YES;
				CLANG_CXX_LANGUAGE_STANDARD = "gnu++0x";
				CLANG_CXX_LIBRARY = "libc++";
				CLANG_ENABLE_MODULES = YES;
				CLANG_ENABLE_OBJC_ARC = YES;
				CLANG_WARN_BOOL_CONVERSION = YES;
				CLANG_WARN_CONSTANT_CONVERSION = YES;
				CLANG_WARN_DIRECT_OBJC_ISA_USAGE = YES_ERROR;
				CLANG_WARN_DOCUMENTATION_COMMENTS = YES;
				CLANG_WARN_EMPTY_BODY = YES;
				CLANG_WARN_ENUM_CONVERSION = YES;
				CLANG_WARN_INFINITE_RECURSION = YES;
				CLANG_WARN_INT_CONVERSION = YES;
				CLANG_WARN_OBJC_ROOT_CLASS = YES_ERROR;
				CLANG_WARN_SUSPICIOUS_MOVES = YES;
				CLANG_WARN_UNREACHABLE_CODE = YES;
				CLANG_WARN__DUPLICATE_METHOD_MATCH = YES;
				"CODE_SIGN_IDENTITY[sdk=iphoneos*]" = "iPhone Developer";
				COPY_PHASE_STRIP = NO;
				DEBUG_INFORMATION_FORMAT = dwarf;
				ENABLE_STRICT_OBJC_MSGSEND = YES;
				ENABLE_TESTABILITY = YES;
				GCC_C_LANGUAGE_STANDARD = gnu99;
				GCC_DYNAMIC_NO_PIC = NO;
				GCC_NO_COMMON_BLOCKS = YES;
				GCC_OPTIMIZATION_LEVEL = 0;
				GCC_PREPROCESSOR_DEFINITIONS = (
					"DEBUG=1",
					"$(inherited)",
				);
				GCC_WARN_64_TO_32_BIT_CONVERSION = YES;
				GCC_WARN_ABOUT_RETURN_TYPE = YES_ERROR;
				GCC_WARN_UNDECLARED_SELECTOR = YES;
				GCC_WARN_UNINITIALIZED_AUTOS = YES_AGGRESSIVE;
				GCC_WARN_UNUSED_FUNCTION = YES;
				GCC_WARN_UNUSED_VARIABLE = YES;
				IPHONEOS_DEPLOYMENT_TARGET = 10.0;
				MTL_ENABLE_DEBUG_INFO = YES;
				ONLY_ACTIVE_ARCH = YES;
				SDKROOT = iphoneos;
				SWIFT_ACTIVE_COMPILATION_CONDITIONS = DEBUG;
				SWIFT_OPTIMIZATION_LEVEL = "-Onone";
				TARGETED_DEVICE_FAMILY = "1,2";
			};
			name = Debug;
		};
		E2C131D61DC733C20074D5CE /* Release */ = {
			isa = XCBuildConfiguration;
			buildSettings = {
				ALWAYS_SEARCH_USER_PATHS = NO;
				CLANG_ANALYZER_NONNULL = YES;
				CLANG_CXX_LANGUAGE_STANDARD = "gnu++0x";
				CLANG_CXX_LIBRARY = "libc++";
				CLANG_ENABLE_MODULES = YES;
				CLANG_ENABLE_OBJC_ARC = YES;
				CLANG_WARN_BOOL_CONVERSION = YES;
				CLANG_WARN_CONSTANT_CONVERSION = YES;
				CLANG_WARN_DIRECT_OBJC_ISA_USAGE = YES_ERROR;
				CLANG_WARN_DOCUMENTATION_COMMENTS = YES;
				CLANG_WARN_EMPTY_BODY = YES;
				CLANG_WARN_ENUM_CONVERSION = YES;
				CLANG_WARN_INFINITE_RECURSION = YES;
				CLANG_WARN_INT_CONVERSION = YES;
				CLANG_WARN_OBJC_ROOT_CLASS = YES_ERROR;
				CLANG_WARN_SUSPICIOUS_MOVES = YES;
				CLANG_WARN_UNREACHABLE_CODE = YES;
				CLANG_WARN__DUPLICATE_METHOD_MATCH = YES;
				"CODE_SIGN_IDENTITY[sdk=iphoneos*]" = "iPhone Developer";
				COPY_PHASE_STRIP = NO;
				DEBUG_INFORMATION_FORMAT = "dwarf-with-dsym";
				ENABLE_NS_ASSERTIONS = NO;
				ENABLE_STRICT_OBJC_MSGSEND = YES;
				GCC_C_LANGUAGE_STANDARD = gnu99;
				GCC_NO_COMMON_BLOCKS = YES;
				GCC_WARN_64_TO_32_BIT_CONVERSION = YES;
				GCC_WARN_ABOUT_RETURN_TYPE = YES_ERROR;
				GCC_WARN_UNDECLARED_SELECTOR = YES;
				GCC_WARN_UNINITIALIZED_AUTOS = YES_AGGRESSIVE;
				GCC_WARN_UNUSED_FUNCTION = YES;
				GCC_WARN_UNUSED_VARIABLE = YES;
				IPHONEOS_DEPLOYMENT_TARGET = 10.0;
				MTL_ENABLE_DEBUG_INFO = NO;
				SDKROOT = iphoneos;
				SWIFT_OPTIMIZATION_LEVEL = "-Owholemodule";
				TARGETED_DEVICE_FAMILY = "1,2";
				VALIDATE_PRODUCT = YES;
			};
			name = Release;
		};
		E2C131D81DC733C20074D5CE /* Debug */ = {
			isa = XCBuildConfiguration;
			buildSettings = {
				ASSETCATALOG_COMPILER_APPICON_NAME = AppIcon;
				DEVELOPMENT_TEAM = N5R7K6B3AF;
				INFOPLIST_FILE = RotateDemo/Info.plist;
				LD_RUNPATH_SEARCH_PATHS = "$(inherited) @executable_path/Frameworks";
				PRODUCT_BUNDLE_IDENTIFIER = com.Dlodlo.TryPlayer;
				PRODUCT_NAME = "$(TARGET_NAME)";
				SWIFT_OBJC_BRIDGING_HEADER = "RotateDemo/Bridging-Header.h";
				SWIFT_VERSION = 3.0;
			};
			name = Debug;
		};
		E2C131D91DC733C20074D5CE /* Release */ = {
			isa = XCBuildConfiguration;
			buildSettings = {
				ASSETCATALOG_COMPILER_APPICON_NAME = AppIcon;
				DEVELOPMENT_TEAM = N5R7K6B3AF;
				INFOPLIST_FILE = RotateDemo/Info.plist;
				LD_RUNPATH_SEARCH_PATHS = "$(inherited) @executable_path/Frameworks";
				PRODUCT_BUNDLE_IDENTIFIER = com.Dlodlo.TryPlayer;
				PRODUCT_NAME = "$(TARGET_NAME)";
				SWIFT_OBJC_BRIDGING_HEADER = "RotateDemo/Bridging-Header.h";
				SWIFT_VERSION = 3.0;
			};
			name = Release;
		};
		E2C131DB1DC733C20074D5CE /* Debug */ = {
			isa = XCBuildConfiguration;
			buildSettings = {
				ALWAYS_EMBED_SWIFT_STANDARD_LIBRARIES = YES;
				BUNDLE_LOADER = "$(TEST_HOST)";
				INFOPLIST_FILE = RotateDemoTests/Info.plist;
				LD_RUNPATH_SEARCH_PATHS = "$(inherited) @executable_path/Frameworks @loader_path/Frameworks";
				PRODUCT_BUNDLE_IDENTIFIER = com.Dlodlo.RotateDemoTests;
				PRODUCT_NAME = "$(TARGET_NAME)";
				SWIFT_VERSION = 3.0;
				TEST_HOST = "$(BUILT_PRODUCTS_DIR)/RotateDemo.app/RotateDemo";
			};
			name = Debug;
		};
		E2C131DC1DC733C20074D5CE /* Release */ = {
			isa = XCBuildConfiguration;
			buildSettings = {
				ALWAYS_EMBED_SWIFT_STANDARD_LIBRARIES = YES;
				BUNDLE_LOADER = "$(TEST_HOST)";
				INFOPLIST_FILE = RotateDemoTests/Info.plist;
				LD_RUNPATH_SEARCH_PATHS = "$(inherited) @executable_path/Frameworks @loader_path/Frameworks";
				PRODUCT_BUNDLE_IDENTIFIER = com.Dlodlo.RotateDemoTests;
				PRODUCT_NAME = "$(TARGET_NAME)";
				SWIFT_VERSION = 3.0;
				TEST_HOST = "$(BUILT_PRODUCTS_DIR)/RotateDemo.app/RotateDemo";
			};
			name = Release;
		};
		E2C131DE1DC733C20074D5CE /* Debug */ = {
			isa = XCBuildConfiguration;
			buildSettings = {
				ALWAYS_EMBED_SWIFT_STANDARD_LIBRARIES = YES;
				INFOPLIST_FILE = RotateDemoUITests/Info.plist;
				LD_RUNPATH_SEARCH_PATHS = "$(inherited) @executable_path/Frameworks @loader_path/Frameworks";
				PRODUCT_BUNDLE_IDENTIFIER = com.Dlodlo.RotateDemoUITests;
				PRODUCT_NAME = "$(TARGET_NAME)";
				SWIFT_VERSION = 3.0;
				TEST_TARGET_NAME = RotateDemo;
			};
			name = Debug;
		};
		E2C131DF1DC733C20074D5CE /* Release */ = {
			isa = XCBuildConfiguration;
			buildSettings = {
				ALWAYS_EMBED_SWIFT_STANDARD_LIBRARIES = YES;
				INFOPLIST_FILE = RotateDemoUITests/Info.plist;
				LD_RUNPATH_SEARCH_PATHS = "$(inherited) @executable_path/Frameworks @loader_path/Frameworks";
				PRODUCT_BUNDLE_IDENTIFIER = com.Dlodlo.RotateDemoUITests;
				PRODUCT_NAME = "$(TARGET_NAME)";
				SWIFT_VERSION = 3.0;
				TEST_TARGET_NAME = RotateDemo;
			};
			name = Release;
		};
/* End XCBuildConfiguration section */

/* Begin XCConfigurationList section */
		E20CAD3A1DCACF1C00553EB6 /* Build configuration list for PBXNativeTarget "HelloModel_IO" */ = {
			isa = XCConfigurationList;
			buildConfigurations = (
				E20CAD341DCACF1C00553EB6 /* Debug */,
				E20CAD351DCACF1C00553EB6 /* Release */,
			);
			defaultConfigurationIsVisible = 0;
			defaultConfigurationName = Release;
		};
		E20CAD3B1DCACF1C00553EB6 /* Build configuration list for PBXNativeTarget "HelloModel_IOTests" */ = {
			isa = XCConfigurationList;
			buildConfigurations = (
				E20CAD361DCACF1C00553EB6 /* Debug */,
				E20CAD371DCACF1C00553EB6 /* Release */,
			);
			defaultConfigurationIsVisible = 0;
			defaultConfigurationName = Release;
		};
		E20CAD3C1DCACF1C00553EB6 /* Build configuration list for PBXNativeTarget "HelloModel_IOUITests" */ = {
			isa = XCConfigurationList;
			buildConfigurations = (
				E20CAD381DCACF1C00553EB6 /* Debug */,
				E20CAD391DCACF1C00553EB6 /* Release */,
			);
			defaultConfigurationIsVisible = 0;
			defaultConfigurationName = Release;
		};
		E25175821DC8439000BB7C10 /* Build configuration list for PBXNativeTarget "TextureMetal" */ = {
			isa = XCConfigurationList;
			buildConfigurations = (
				E25175831DC8439000BB7C10 /* Debug */,
				E25175841DC8439000BB7C10 /* Release */,
			);
			defaultConfigurationIsVisible = 0;
			defaultConfigurationName = Release;
		};
		E25175851DC8439000BB7C10 /* Build configuration list for PBXNativeTarget "TextureMetalTests" */ = {
			isa = XCConfigurationList;
			buildConfigurations = (
				E25175861DC8439000BB7C10 /* Debug */,
				E25175871DC8439000BB7C10 /* Release */,
			);
			defaultConfigurationIsVisible = 0;
			defaultConfigurationName = Release;
		};
		E25175881DC8439000BB7C10 /* Build configuration list for PBXNativeTarget "TextureMetalUITests" */ = {
			isa = XCConfigurationList;
			buildConfigurations = (
				E25175891DC8439000BB7C10 /* Debug */,
				E251758A1DC8439000BB7C10 /* Release */,
			);
			defaultConfigurationIsVisible = 0;
			defaultConfigurationName = Release;
		};
		E2C131AA1DC733C20074D5CE /* Build configuration list for PBXProject "RotateDemo" */ = {
			isa = XCConfigurationList;
			buildConfigurations = (
				E2C131D51DC733C20074D5CE /* Debug */,
				E2C131D61DC733C20074D5CE /* Release */,
			);
			defaultConfigurationIsVisible = 0;
			defaultConfigurationName = Release;
		};
		E2C131D71DC733C20074D5CE /* Build configuration list for PBXNativeTarget "RotateDemo" */ = {
			isa = XCConfigurationList;
			buildConfigurations = (
				E2C131D81DC733C20074D5CE /* Debug */,
				E2C131D91DC733C20074D5CE /* Release */,
			);
			defaultConfigurationIsVisible = 0;
			defaultConfigurationName = Release;
		};
		E2C131DA1DC733C20074D5CE /* Build configuration list for PBXNativeTarget "RotateDemoTests" */ = {
			isa = XCConfigurationList;
			buildConfigurations = (
				E2C131DB1DC733C20074D5CE /* Debug */,
				E2C131DC1DC733C20074D5CE /* Release */,
			);
			defaultConfigurationIsVisible = 0;
			defaultConfigurationName = Release;
		};
		E2C131DD1DC733C20074D5CE /* Build configuration list for PBXNativeTarget "RotateDemoUITests" */ = {
			isa = XCConfigurationList;
			buildConfigurations = (
				E2C131DE1DC733C20074D5CE /* Debug */,
				E2C131DF1DC733C20074D5CE /* Release */,
			);
			defaultConfigurationIsVisible = 0;
			defaultConfigurationName = Release;
		};
/* End XCConfigurationList section */
	};
	rootObject = E2C131A71DC733C20074D5CE /* Project object */;
}
